
Microsoft Visual Studio Solution File, Format Version 12.00
# Visual Studio Version 17
VisualStudioVersion = 17.5.33424.131
MinimumVisualStudioVersion = 10.0.40219.1
Project("{8BC9CEB8-8B4A-11D0-8D11-00A0C91BC942}") = "171_Pointer", "171_Pointer\171_Pointer.vcxproj", "{04B1819A-0335-40EB-A57D-FCC1CB5749C2}"
EndProject
Project("{8BC9CEB8-8B4A-11D0-8D11-00A0C91BC942}") = "Pointer2", "Pointer2\Pointer2.vcxproj", "{57857101-3073-4A44-A03C-BA92A99F4577}"
EndProject
Project("{8BC9CEB8-8B4A-11D0-8D11-00A0C91BC942}") = "friendclass", "friendclass\friendclass.vcxproj", "{9B645C96-C4C2-4B4B-A367-CCEB709D6213}"
EndProject
Project("{8BC9CEB8-8B4A-11D0-8D11-00A0C91BC942}") = "friendclass2", "friendclass2\friendclass2.vcxproj", "{79E2AF30-4A36-4B96-B1BE-C61C3E129D00}"
EndProject
Project("{8BC9CEB8-8B4A-11D0-8D11-00A0C91BC942}") = "friendclass3", "friendclass3\friendclass3.vcxproj", "{F0B89939-77A6-486D-A663-28374F0BE8B9}"
EndProject
Global
	GlobalSection(SolutionConfigurationPlatforms) = preSolution
		Debug|x64 = Debug|x64
		Debug|x86 = Debug|x86
		Release|x64 = Release|x64
		Release|x86 = Release|x86
	EndGlobalSection
	GlobalSection(ProjectConfigurationPlatforms) = postSolution
		{04B1819A-0335-40EB-A57D-FCC1CB5749C2}.Debug|x64.ActiveCfg = Debug|x64
		{04B1819A-0335-40EB-A57D-FCC1CB5749C2}.Debug|x64.Build.0 = Debug|x64
		{04B1819A-0335-40EB-A57D-FCC1CB5749C2}.Debug|x86.ActiveCfg = Debug|Win32
		{04B1819A-0335-40EB-A57D-FCC1CB5749C2}.Debug|x86.Build.0 = Debug|Win32
		{04B1819A-0335-40EB-A57D-FCC1CB5749C2}.Release|x64.ActiveCfg = Release|x64
		{04B1819A-0335-40EB-A57D-FCC1CB5749C2}.Release|x64.Build.0 = Release|x64
		{04B1819A-0335-40EB-A57D-FCC1CB5749C2}.Release|x86.ActiveCfg = Release|Win32
		{04B1819A-0335-40EB-A57D-FCC1CB5749C2}.Release|x86.Build.0 = Release|Win32
		{57857101-3073-4A44-A03C-BA92A99F4577}.Debug|x64.ActiveCfg = Debug|x64
		{57857101-3073-4A44-A03C-BA92A99F4577}.Debug|x64.Build.0 = Debug|x64
		{57857101-3073-4A44-A03C-BA92A99F4577}.Debug|x86.ActiveCfg = Debug|Win32
		{57857101-3073-4A44-A03C-BA92A99F4577}.Debug|x86.Build.0 = Debug|Win32
		{57857101-3073-4A44-A03C-BA92A99F4577}.Release|x64.ActiveCfg = Release|x64
		{57857101-3073-4A44-A03C-BA92A99F4577}.Release|x64.Build.0 = Release|x64
		{57857101-3073-4A44-A03C-BA92A99F4577}.Release|x86.ActiveCfg = Release|Win32
		{57857101-3073-4A44-A03C-BA92A99F4577}.Release|x86.Build.0 = Release|Win32
		{9B645C96-C4C2-4B4B-A367-CCEB709D6213}.Debug|x64.ActiveCfg = Debug|x64
		{9B645C96-C4C2-4B4B-A367-CCEB709D6213}.Debug|x64.Build.0 = Debug|x64
		{9B645C96-C4C2-4B4B-A367-CCEB709D6213}.Debug|x86.ActiveCfg = Debug|Win32
		{9B645C96-C4C2-4B4B-A367-CCEB709D6213}.Debug|x86.Build.0 = Debug|Win32
		{9B645C96-C4C2-4B4B-A367-CCEB709D6213}.Release|x64.ActiveCfg = Release|x64
		{9B645C96-C4C2-4B4B-A367-CCEB709D6213}.Release|x64.Build.0 = Release|x64
		{9B645C96-C4C2-4B4B-A367-CCEB709D6213}.Release|x86.ActiveCfg = Release|Win32
		{9B645C96-C4C2-4B4B-A367-CCEB709D6213}.Release|x86.Build.0 = Release|Win32
		{79E2AF30-4A36-4B96-B1BE-C61C3E129D00}.Debug|x64.ActiveCfg = Debug|x64
		{79E2AF30-4A36-4B96-B1BE-C61C3E129D00}.Debug|x64.Build.0 = Debug|x64
		{79E2AF30-4A36-4B96-B1BE-C61C3E129D00}.Debug|x86.ActiveCfg = Debug|Win32
		{79E2AF30-4A36-4B96-B1BE-C61C3E129D00}.Debug|x86.Build.0 = Debug|Win32
		{79E2AF30-4A36-4B96-B1BE-C61C3E129D00}.Release|x64.ActiveCfg = Release|x64
		{79E2AF30-4A36-4B96-B1BE-C61C3E129D00}.Release|x64.Build.0 = Release|x64
		{79E2AF30-4A36-4B96-B1BE-C61C3E129D00}.Release|x86.ActiveCfg = Release|Win32
		{79E2AF30-4A36-4B96-B1BE-C61C3E129D00}.Release|x86.Build.0 = Release|Win32
		{F0B89939-77A6-486D-A663-28374F0BE8B9}.Debug|x64.ActiveCfg = Debug|x64
		{F0B89939-77A6-486D-A663-28374F0BE8B9}.Debug|x64.Build.0 = Debug|x64
		{F0B89939-77A6-486D-A663-28374F0BE8B9}.Debug|x86.ActiveCfg = Debug|Win32
		{F0B89939-77A6-486D-A663-28374F0BE8B9}.Debug|x86.Build.0 = Debug|Win32
		{F0B89939-77A6-486D-A663-28374F0BE8B9}.Release|x64.ActiveCfg = Release|x64
		{F0B89939-77A6-486D-A663-28374F0BE8B9}.Release|x64.Build.0 = Release|x64
		{F0B89939-77A6-486D-A663-28374F0BE8B9}.Release|x86.ActiveCfg = Release|Win32
		{F0B89939-77A6-486D-A663-28374F0BE8B9}.Release|x86.Build.0 = Release|Win32
	EndGlobalSection
	GlobalSection(SolutionProperties) = preSolution
		HideSolutionNode = FALSE
	EndGlobalSection
	GlobalSection(ExtensibilityGlobals) = postSolution
		SolutionGuid = {7A7E041A-FF30-4D0A-95D4-B502A146606F}
	EndGlobalSection
EndGlobal
